PODS:
  - HandyJSON (5.0.1)
  - MJRefresh (3.2.0)

DEPENDENCIES:
  - HandyJSON
  - MJRefresh

SPEC REPOS:
  trunk:
    - HandyJSON
    - MJRefresh

SPEC CHECKSUMS:
  HandyJSON: d45b8415c501e3affc59ca9762c1197ff0feb646
  MJRefresh: ed450d6eb9d3346a2cb033ab7eb6de090aeef437

PODFILE CHECKSUM: 67a004e3c3af1b28950a2597883b223b36adcbf3

COCOAPODS: 1.8.0
