PODS:
  - HandyJSON (5.0.1)
  - MJRefresh (3.2.0)

DEPENDENCIES:
  - HandyJSON
  - MJRefresh

SPEC REPOS:
  trunk:
    - HandyJSON
    - MJRefresh

SPEC CHECKSUMS:
  HandyJSON: d45b8415c501e3affc59ca9762c1197ff0feb646
  MJRefresh: ed450d6eb9d3346a2cb033ab7eb6de090aeef437

PODFILE CHECKSUM: 81f43a8f0ba5fa2873b5d969e1c14cdcd52df9d2

COCOAPODS: 1.8.0
